
Microsoft Visual Studio Solution File, Format Version 12.00
# Visual Studio Version 17
VisualStudioVersion = 17.6.33829.357
MinimumVisualStudioVersion = 10.0.40219.1
Project("{FAE04EC0-301F-11D3-BF4B-00C04F79EFBC}") = "ECommerceTemplate", "ECommerceTemplate.csproj", "{FAFED2F3-A59D-464B-9C53-1BEBE9FC459A}"
EndProject
Global
	GlobalSection(SolutionConfigurationPlatforms) = preSolution
		Debug|Any CPU = Debug|Any CPU
		Release|Any CPU = Release|Any CPU
	EndGlobalSection
	GlobalSection(ProjectConfigurationPlatforms) = postSolution
		{FAFED2F3-A59D-464B-9C53-1BEBE9FC459A}.Debug|Any CPU.ActiveCfg = Debug|Any CPU
		{FAFED2F3-A59D-464B-9C53-1BEBE9FC459A}.Debug|Any CPU.Build.0 = Debug|Any CPU
		{FAFED2F3-A59D-464B-9C53-1BEBE9FC459A}.Release|Any CPU.ActiveCfg = Release|Any CPU
		{FAFED2F3-A59D-464B-9C53-1BEBE9FC459A}.Release|Any CPU.Build.0 = Release|Any CPU
	EndGlobalSection
	GlobalSection(SolutionProperties) = preSolution
		HideSolutionNode = FALSE
	EndGlobalSection
	GlobalSection(ExtensibilityGlobals) = postSolution
		SolutionGuid = {E9D36872-2760-41F8-AA10-0D885E3FF8A0}
	EndGlobalSection
EndGlobal
